
Microsoft Visual Studio Solution File, Format Version 12.00
# Visual Studio Version 17
VisualStudioVersion = 17.5.33530.505
MinimumVisualStudioVersion = 10.0.40219.1
Project("{FAE04EC0-301F-11D3-BF4B-00C04F79EFBC}") = "PokemonReviewApp", "PokemonReviewApp\PokemonReviewApp.csproj", "{2148D326-A386-4328-9E20-BB4C8F657912}"
EndProject
Global
	GlobalSection(SolutionConfigurationPlatforms) = preSolution
		Debug|Any CPU = Debug|Any CPU
		Release|Any CPU = Release|Any CPU
	EndGlobalSection
	GlobalSection(ProjectConfigurationPlatforms) = postSolution
		{2148D326-A386-4328-9E20-BB4C8F657912}.Debug|Any CPU.ActiveCfg = Debug|Any CPU
		{2148D326-A386-4328-9E20-BB4C8F657912}.Debug|Any CPU.Build.0 = Debug|Any CPU
		{2148D326-A386-4328-9E20-BB4C8F657912}.Release|Any CPU.ActiveCfg = Release|Any CPU
		{2148D326-A386-4328-9E20-BB4C8F657912}.Release|Any CPU.Build.0 = Release|Any CPU
	EndGlobalSection
	GlobalSection(SolutionProperties) = preSolution
		HideSolutionNode = FALSE
	EndGlobalSection
	GlobalSection(ExtensibilityGlobals) = postSolution
		SolutionGuid = {F62298B4-E05E-4C56-BDD2-5398A461EC08}
	EndGlobalSection
EndGlobal
